
Microsoft Visual Studio Solution File, Format Version 12.00
# Visual Studio Version 16
VisualStudioVersion = 16.0.808.2
MinimumVisualStudioVersion = 10.0.40219.1
Project("{FAE04EC0-301F-11D3-BF4B-00C04F79EFBC}") = "Deliverable1", "Deliverable1\Deliverable1.csproj", "{497F25D8-664F-4117-9CF9-7B60FC74AC6D}"
EndProject
Global
	GlobalSection(SolutionConfigurationPlatforms) = preSolution
		Debug|Any CPU = Debug|Any CPU
		Release|Any CPU = Release|Any CPU
	EndGlobalSection
	GlobalSection(ProjectConfigurationPlatforms) = postSolution
		{497F25D8-664F-4117-9CF9-7B60FC74AC6D}.Debug|Any CPU.ActiveCfg = Debug|Any CPU
		{497F25D8-664F-4117-9CF9-7B60FC74AC6D}.Debug|Any CPU.Build.0 = Debug|Any CPU
		{497F25D8-664F-4117-9CF9-7B60FC74AC6D}.Release|Any CPU.ActiveCfg = Release|Any CPU
		{497F25D8-664F-4117-9CF9-7B60FC74AC6D}.Release|Any CPU.Build.0 = Release|Any CPU
	EndGlobalSection
	GlobalSection(SolutionProperties) = preSolution
		HideSolutionNode = FALSE
	EndGlobalSection
	GlobalSection(ExtensibilityGlobals) = postSolution
		SolutionGuid = {E8BA13F1-3869-4238-AE4B-05A263B16609}
	EndGlobalSection
EndGlobal
